
Microsoft Visual Studio Solution File, Format Version 12.00
Project("{FAE04EC0-301F-11D3-BF4B-00C04F79EFBC}") = "SuperHeroAPI", "SuperHeroAPI\SuperHeroAPI.csproj", "{ADD6BCC3-37BA-4B5E-B9D8-BFB10C2759CA}"
EndProject
Global
	GlobalSection(SolutionConfigurationPlatforms) = preSolution
		Debug|Any CPU = Debug|Any CPU
		Release|Any CPU = Release|Any CPU
	EndGlobalSection
	GlobalSection(ProjectConfigurationPlatforms) = postSolution
		{ADD6BCC3-37BA-4B5E-B9D8-BFB10C2759CA}.Debug|Any CPU.ActiveCfg = Debug|Any CPU
		{ADD6BCC3-37BA-4B5E-B9D8-BFB10C2759CA}.Debug|Any CPU.Build.0 = Debug|Any CPU
		{ADD6BCC3-37BA-4B5E-B9D8-BFB10C2759CA}.Release|Any CPU.ActiveCfg = Release|Any CPU
		{ADD6BCC3-37BA-4B5E-B9D8-BFB10C2759CA}.Release|Any CPU.Build.0 = Release|Any CPU
	EndGlobalSection
EndGlobal
